
Microsoft Visual Studio Solution File, Format Version 12.00
# Visual Studio Version 17
VisualStudioVersion = 17.3.32804.467
MinimumVisualStudioVersion = 10.0.40219.1
Project("{FAE04EC0-301F-11D3-BF4B-00C04F79EFBC}") = "Library Management System2", "Library Management System\Library Management System2.csproj", "{38BFF8E9-47FF-44FA-AC2B-28970846933C}"
EndProject
Global
	GlobalSection(SolutionConfigurationPlatforms) = preSolution
		Debug|Any CPU = Debug|Any CPU
		Release|Any CPU = Release|Any CPU
	EndGlobalSection
	GlobalSection(ProjectConfigurationPlatforms) = postSolution
		{38BFF8E9-47FF-44FA-AC2B-28970846933C}.Debug|Any CPU.ActiveCfg = Debug|Any CPU
		{38BFF8E9-47FF-44FA-AC2B-28970846933C}.Debug|Any CPU.Build.0 = Debug|Any CPU
		{38BFF8E9-47FF-44FA-AC2B-28970846933C}.Release|Any CPU.ActiveCfg = Release|Any CPU
		{38BFF8E9-47FF-44FA-AC2B-28970846933C}.Release|Any CPU.Build.0 = Release|Any CPU
	EndGlobalSection
	GlobalSection(SolutionProperties) = preSolution
		HideSolutionNode = FALSE
	EndGlobalSection
	GlobalSection(ExtensibilityGlobals) = postSolution
		SolutionGuid = {D3D75AE2-2D56-49C9-9853-1AEF6CE98F93}
	EndGlobalSection
EndGlobal
